
Microsoft Visual Studio Solution File, Format Version 12.00
# Visual Studio Version 16
VisualStudioVersion = 16.0.31129.286
MinimumVisualStudioVersion = 15.0.26124.0
Project("{9A19103F-16F7-4668-BE54-9A1E7A4F7556}") = "XTrimCalculator.Application", "XTrimCalculator.Application\XTrimCalculator.Application.csproj", "{AF6E9958-0E1C-4728-B060-11EB30800ABE}"
EndProject
Project("{9A19103F-16F7-4668-BE54-9A1E7A4F7556}") = "XTrimCalculator.Domain", "XTrimCalculator.Domain\XTrimCalculator.Domain.csproj", "{F88455C7-69A6-450D-9099-4D554033D3DB}"
EndProject
Project("{9A19103F-16F7-4668-BE54-9A1E7A4F7556}") = "XTrimCalculator.Infrastructure", "XTrimCalculator.Infrastructure\XTrimCalculator.Infrastructure.csproj", "{8F0778E1-E5C7-4F48-8100-AE327607A95C}"
EndProject
Project("{9A19103F-16F7-4668-BE54-9A1E7A4F7556}") = "XTrimCalculator.ConsoleApp", "XTrimCalculator.ConsoleApp\XTrimCalculator.ConsoleApp.csproj", "{E53EACC1-B196-4AEA-A1B5-DE3BE214A9C5}"
EndProject
Project("{9A19103F-16F7-4668-BE54-9A1E7A4F7556}") = "XTrimCalculator.UnitTests", "XTrimCalculator.UnitTests\XTrimCalculator.UnitTests.csproj", "{3207333A-1947-4843-A347-954BE7A9FE48}"
EndProject
Global
	GlobalSection(SolutionConfigurationPlatforms) = preSolution
		Debug|Any CPU = Debug|Any CPU
		Debug|x64 = Debug|x64
		Debug|x86 = Debug|x86
		Release|Any CPU = Release|Any CPU
		Release|x64 = Release|x64
		Release|x86 = Release|x86
	EndGlobalSection
	GlobalSection(ProjectConfigurationPlatforms) = postSolution
		{AF6E9958-0E1C-4728-B060-11EB30800ABE}.Debug|Any CPU.ActiveCfg = Debug|Any CPU
		{AF6E9958-0E1C-4728-B060-11EB30800ABE}.Debug|Any CPU.Build.0 = Debug|Any CPU
		{AF6E9958-0E1C-4728-B060-11EB30800ABE}.Debug|x64.ActiveCfg = Debug|Any CPU
		{AF6E9958-0E1C-4728-B060-11EB30800ABE}.Debug|x64.Build.0 = Debug|Any CPU
		{AF6E9958-0E1C-4728-B060-11EB30800ABE}.Debug|x86.ActiveCfg = Debug|Any CPU
		{AF6E9958-0E1C-4728-B060-11EB30800ABE}.Debug|x86.Build.0 = Debug|Any CPU
		{AF6E9958-0E1C-4728-B060-11EB30800ABE}.Release|Any CPU.ActiveCfg = Release|Any CPU
		{AF6E9958-0E1C-4728-B060-11EB30800ABE}.Release|Any CPU.Build.0 = Release|Any CPU
		{AF6E9958-0E1C-4728-B060-11EB30800ABE}.Release|x64.ActiveCfg = Release|Any CPU
		{AF6E9958-0E1C-4728-B060-11EB30800ABE}.Release|x64.Build.0 = Release|Any CPU
		{AF6E9958-0E1C-4728-B060-11EB30800ABE}.Release|x86.ActiveCfg = Release|Any CPU
		{AF6E9958-0E1C-4728-B060-11EB30800ABE}.Release|x86.Build.0 = Release|Any CPU
		{F88455C7-69A6-450D-9099-4D554033D3DB}.Debug|Any CPU.ActiveCfg = Debug|Any CPU
		{F88455C7-69A6-450D-9099-4D554033D3DB}.Debug|Any CPU.Build.0 = Debug|Any CPU
		{F88455C7-69A6-450D-9099-4D554033D3DB}.Debug|x64.ActiveCfg = Debug|Any CPU
		{F88455C7-69A6-450D-9099-4D554033D3DB}.Debug|x64.Build.0 = Debug|Any CPU
		{F88455C7-69A6-450D-9099-4D554033D3DB}.Debug|x86.ActiveCfg = Debug|Any CPU
		{F88455C7-69A6-450D-9099-4D554033D3DB}.Debug|x86.Build.0 = Debug|Any CPU
		{F88455C7-69A6-450D-9099-4D554033D3DB}.Release|Any CPU.ActiveCfg = Release|Any CPU
		{F88455C7-69A6-450D-9099-4D554033D3DB}.Release|Any CPU.Build.0 = Release|Any CPU
		{F88455C7-69A6-450D-9099-4D554033D3DB}.Release|x64.ActiveCfg = Release|Any CPU
		{F88455C7-69A6-450D-9099-4D554033D3DB}.Release|x64.Build.0 = Release|Any CPU
		{F88455C7-69A6-450D-9099-4D554033D3DB}.Release|x86.ActiveCfg = Release|Any CPU
		{F88455C7-69A6-450D-9099-4D554033D3DB}.Release|x86.Build.0 = Release|Any CPU
		{8F0778E1-E5C7-4F48-8100-AE327607A95C}.Debug|Any CPU.ActiveCfg = Debug|Any CPU
		{8F0778E1-E5C7-4F48-8100-AE327607A95C}.Debug|Any CPU.Build.0 = Debug|Any CPU
		{8F0778E1-E5C7-4F48-8100-AE327607A95C}.Debug|x64.ActiveCfg = Debug|Any CPU
		{8F0778E1-E5C7-4F48-8100-AE327607A95C}.Debug|x64.Build.0 = Debug|Any CPU
		{8F0778E1-E5C7-4F48-8100-AE327607A95C}.Debug|x86.ActiveCfg = Debug|Any CPU
		{8F0778E1-E5C7-4F48-8100-AE327607A95C}.Debug|x86.Build.0 = Debug|Any CPU
		{8F0778E1-E5C7-4F48-8100-AE327607A95C}.Release|Any CPU.ActiveCfg = Release|Any CPU
		{8F0778E1-E5C7-4F48-8100-AE327607A95C}.Release|Any CPU.Build.0 = Release|Any CPU
		{8F0778E1-E5C7-4F48-8100-AE327607A95C}.Release|x64.ActiveCfg = Release|Any CPU
		{8F0778E1-E5C7-4F48-8100-AE327607A95C}.Release|x64.Build.0 = Release|Any CPU
		{8F0778E1-E5C7-4F48-8100-AE327607A95C}.Release|x86.ActiveCfg = Release|Any CPU
		{8F0778E1-E5C7-4F48-8100-AE327607A95C}.Release|x86.Build.0 = Release|Any CPU
		{E53EACC1-B196-4AEA-A1B5-DE3BE214A9C5}.Debug|Any CPU.ActiveCfg = Debug|Any CPU
		{E53EACC1-B196-4AEA-A1B5-DE3BE214A9C5}.Debug|Any CPU.Build.0 = Debug|Any CPU
		{E53EACC1-B196-4AEA-A1B5-DE3BE214A9C5}.Debug|x64.ActiveCfg = Debug|Any CPU
		{E53EACC1-B196-4AEA-A1B5-DE3BE214A9C5}.Debug|x64.Build.0 = Debug|Any CPU
		{E53EACC1-B196-4AEA-A1B5-DE3BE214A9C5}.Debug|x86.ActiveCfg = Debug|Any CPU
		{E53EACC1-B196-4AEA-A1B5-DE3BE214A9C5}.Debug|x86.Build.0 = Debug|Any CPU
		{E53EACC1-B196-4AEA-A1B5-DE3BE214A9C5}.Release|Any CPU.ActiveCfg = Release|Any CPU
		{E53EACC1-B196-4AEA-A1B5-DE3BE214A9C5}.Release|Any CPU.Build.0 = Release|Any CPU
		{E53EACC1-B196-4AEA-A1B5-DE3BE214A9C5}.Release|x64.ActiveCfg = Release|Any CPU
		{E53EACC1-B196-4AEA-A1B5-DE3BE214A9C5}.Release|x64.Build.0 = Release|Any CPU
		{E53EACC1-B196-4AEA-A1B5-DE3BE214A9C5}.Release|x86.ActiveCfg = Release|Any CPU
		{E53EACC1-B196-4AEA-A1B5-DE3BE214A9C5}.Release|x86.Build.0 = Release|Any CPU
		{3207333A-1947-4843-A347-954BE7A9FE48}.Debug|Any CPU.ActiveCfg = Debug|Any CPU
		{3207333A-1947-4843-A347-954BE7A9FE48}.Debug|Any CPU.Build.0 = Debug|Any CPU
		{3207333A-1947-4843-A347-954BE7A9FE48}.Debug|x64.ActiveCfg = Debug|Any CPU
		{3207333A-1947-4843-A347-954BE7A9FE48}.Debug|x64.Build.0 = Debug|Any CPU
		{3207333A-1947-4843-A347-954BE7A9FE48}.Debug|x86.ActiveCfg = Debug|Any CPU
		{3207333A-1947-4843-A347-954BE7A9FE48}.Debug|x86.Build.0 = Debug|Any CPU
		{3207333A-1947-4843-A347-954BE7A9FE48}.Release|Any CPU.ActiveCfg = Release|Any CPU
		{3207333A-1947-4843-A347-954BE7A9FE48}.Release|Any CPU.Build.0 = Release|Any CPU
		{3207333A-1947-4843-A347-954BE7A9FE48}.Release|x64.ActiveCfg = Release|Any CPU
		{3207333A-1947-4843-A347-954BE7A9FE48}.Release|x64.Build.0 = Release|Any CPU
		{3207333A-1947-4843-A347-954BE7A9FE48}.Release|x86.ActiveCfg = Release|Any CPU
		{3207333A-1947-4843-A347-954BE7A9FE48}.Release|x86.Build.0 = Release|Any CPU
	EndGlobalSection
	GlobalSection(SolutionProperties) = preSolution
		HideSolutionNode = FALSE
	EndGlobalSection
	GlobalSection(ExtensibilityGlobals) = postSolution
		SolutionGuid = {47EFDA75-109F-4137-A085-BBEBDFAF394E}
	EndGlobalSection
EndGlobal
